// !$*UTF8*$!
{
	archiveVersion = 1;
	classes = {
	};
	objectVersion = 55;
	objects = {

/* Begin PBXBuildFile section */
		905C0C91280D1620002FA4ED /* MetaWeatherAppApp.swift in Sources */ = {isa = PBXBuildFile; fileRef = 905C0C90280D1620002FA4ED /* MetaWeatherAppApp.swift */; };
		905C0C93280D1620002FA4ED /* HomeView.swift in Sources */ = {isa = PBXBuildFile; fileRef = 905C0C92280D1620002FA4ED /* HomeView.swift */; };
		905C0C95280D1622002FA4ED /* Assets.xcassets in Resources */ = {isa = PBXBuildFile; fileRef = 905C0C94280D1622002FA4ED /* Assets.xcassets */; };
		905C0C98280D1622002FA4ED /* Preview Assets.xcassets in Resources */ = {isa = PBXBuildFile; fileRef = 905C0C97280D1622002FA4ED /* Preview Assets.xcassets */; };
		905C0CA0280D182E002FA4ED /* Alamofire in Frameworks */ = {isa = PBXBuildFile; productRef = 905C0C9F280D182E002FA4ED /* Alamofire */; };
		905C0CA3280D184D002FA4ED /* APICallManager.swift in Sources */ = {isa = PBXBuildFile; fileRef = 905C0CA2280D184D002FA4ED /* APICallManager.swift */; };
		905C0CA5280D187C002FA4ED /* WeatherService.swift in Sources */ = {isa = PBXBuildFile; fileRef = 905C0CA4280D187C002FA4ED /* WeatherService.swift */; };
		905C0CA8280D18AD002FA4ED /* Weather.swift in Sources */ = {isa = PBXBuildFile; fileRef = 905C0CA7280D18AD002FA4ED /* Weather.swift */; };
		905C0CAA280D18D2002FA4ED /* ConsolidatedWeather.swift in Sources */ = {isa = PBXBuildFile; fileRef = 905C0CA9280D18D2002FA4ED /* ConsolidatedWeather.swift */; };
		905C0CAD280DAB1D002FA4ED /* WeatherViewModel.swift in Sources */ = {isa = PBXBuildFile; fileRef = 905C0CAC280DAB1D002FA4ED /* WeatherViewModel.swift */; };
		905C0CB1280DEF9B002FA4ED /* CityListView.swift in Sources */ = {isa = PBXBuildFile; fileRef = 905C0CB0280DEF9B002FA4ED /* CityListView.swift */; };
		905C0CB3280DF87C002FA4ED /* BackgroundView.swift in Sources */ = {isa = PBXBuildFile; fileRef = 905C0CB2280DF87C002FA4ED /* BackgroundView.swift */; };
		905C0CB9280DFA3E002FA4ED /* CityCell.swift in Sources */ = {isa = PBXBuildFile; fileRef = 905C0CB8280DFA3E002FA4ED /* CityCell.swift */; };
		905C0CBE280E004D002FA4ED /* DayListView.swift in Sources */ = {isa = PBXBuildFile; fileRef = 905C0CBD280E004D002FA4ED /* DayListView.swift */; };
		905C0CC0280E0080002FA4ED /* DayCell.swift in Sources */ = {isa = PBXBuildFile; fileRef = 905C0CBF280E0080002FA4ED /* DayCell.swift */; };
		905C0CC3280E035E002FA4ED /* WeatherCityView.swift in Sources */ = {isa = PBXBuildFile; fileRef = 905C0CC2280E035E002FA4ED /* WeatherCityView.swift */; };
		905C0CC5280E039E002FA4ED /* WeatherView.swift in Sources */ = {isa = PBXBuildFile; fileRef = 905C0CC4280E039E002FA4ED /* WeatherView.swift */; };
		905C0CC7280E0448002FA4ED /* TemperatureView.swift in Sources */ = {isa = PBXBuildFile; fileRef = 905C0CC6280E0448002FA4ED /* TemperatureView.swift */; };
		905C0CC9280E052D002FA4ED /* WeatherDetailStack.swift in Sources */ = {isa = PBXBuildFile; fileRef = 905C0CC8280E052D002FA4ED /* WeatherDetailStack.swift */; };
		905C0CCB280E3506002FA4ED /* FloatingActionButton.swift in Sources */ = {isa = PBXBuildFile; fileRef = 905C0CCA280E3506002FA4ED /* FloatingActionButton.swift */; };
		905C0CCD280E3CF0002FA4ED /* CustomAlert.swift in Sources */ = {isa = PBXBuildFile; fileRef = 905C0CCC280E3CF0002FA4ED /* CustomAlert.swift */; };
		905C0CD0280EF881002FA4ED /* DateFormat.swift in Sources */ = {isa = PBXBuildFile; fileRef = 905C0CCF280EF881002FA4ED /* DateFormat.swift */; };
		905C0CD4280EFDEE002FA4ED /* TemperatureConverter.swift in Sources */ = {isa = PBXBuildFile; fileRef = 905C0CD3280EFDEE002FA4ED /* TemperatureConverter.swift */; };
		905C0CE4280F8E2A002FA4ED /* MeatWeather.xcdatamodeld in Sources */ = {isa = PBXBuildFile; fileRef = 905C0CE2280F8E2A002FA4ED /* MeatWeather.xcdatamodeld */; };
		905C0CE6280F8F90002FA4ED /* PersistenceController.swift in Sources */ = {isa = PBXBuildFile; fileRef = 905C0CE5280F8F90002FA4ED /* PersistenceController.swift */; };
		905C0CEA280FC0D3002FA4ED /* NetworkManager.swift in Sources */ = {isa = PBXBuildFile; fileRef = 905C0CE9280FC0D3002FA4ED /* NetworkManager.swift */; };
/* End PBXBuildFile section */

/* Begin PBXFileReference section */
		905C0C8D280D1620002FA4ED /* MetaWeatherApp.app */ = {isa = PBXFileReference; explicitFileType = wrapper.application; includeInIndex = 0; path = MetaWeatherApp.app; sourceTree = BUILT_PRODUCTS_DIR; };
		905C0C90280D1620002FA4ED /* MetaWeatherAppApp.swift */ = {isa = PBXFileReference; lastKnownFileType = sourcecode.swift; path = MetaWeatherAppApp.swift; sourceTree = "<group>"; };
		905C0C92280D1620002FA4ED /* HomeView.swift */ = {isa = PBXFileReference; lastKnownFileType = sourcecode.swift; path = HomeView.swift; sourceTree = "<group>"; };
		905C0C94280D1622002FA4ED /* Assets.xcassets */ = {isa = PBXFileReference; lastKnownFileType = folder.assetcatalog; path = Assets.xcassets; sourceTree = "<group>"; };
		905C0C97280D1622002FA4ED /* Preview Assets.xcassets */ = {isa = PBXFileReference; lastKnownFileType = folder.assetcatalog; path = "Preview Assets.xcassets"; sourceTree = "<group>"; };
		905C0CA2280D184D002FA4ED /* APICallManager.swift */ = {isa = PBXFileReference; lastKnownFileType = sourcecode.swift; path = APICallManager.swift; sourceTree = "<group>"; };
		905C0CA4280D187C002FA4ED /* WeatherService.swift */ = {isa = PBXFileReference; lastKnownFileType = sourcecode.swift; path = WeatherService.swift; sourceTree = "<group>"; };
		905C0CA7280D18AD002FA4ED /* Weather.swift */ = {isa = PBXFileReference; lastKnownFileType = sourcecode.swift; path = Weather.swift; sourceTree = "<group>"; };
		905C0CA9280D18D2002FA4ED /* ConsolidatedWeather.swift */ = {isa = PBXFileReference; lastKnownFileType = sourcecode.swift; path = ConsolidatedWeather.swift; sourceTree = "<group>"; };
		905C0CAC280DAB1D002FA4ED /* WeatherViewModel.swift */ = {isa = PBXFileReference; lastKnownFileType = sourcecode.swift; path = WeatherViewModel.swift; sourceTree = "<group>"; };
		905C0CB0280DEF9B002FA4ED /* CityListView.swift */ = {isa = PBXFileReference; lastKnownFileType = sourcecode.swift; path = CityListView.swift; sourceTree = "<group>"; };
		905C0CB2280DF87C002FA4ED /* BackgroundView.swift */ = {isa = PBXFileReference; lastKnownFileType = sourcecode.swift; path = BackgroundView.swift; sourceTree = "<group>"; };
		905C0CB8280DFA3E002FA4ED /* CityCell.swift */ = {isa = PBXFileReference; lastKnownFileType = sourcecode.swift; path = CityCell.swift; sourceTree = "<group>"; };
		905C0CBD280E004D002FA4ED /* DayListView.swift */ = {isa = PBXFileReference; lastKnownFileType = sourcecode.swift; path = DayListView.swift; sourceTree = "<group>"; };
		905C0CBF280E0080002FA4ED /* DayCell.swift */ = {isa = PBXFileReference; lastKnownFileType = sourcecode.swift; path = DayCell.swift; sourceTree = "<group>"; };
		905C0CC2280E035E002FA4ED /* WeatherCityView.swift */ = {isa = PBXFileReference; lastKnownFileType = sourcecode.swift; path = WeatherCityView.swift; sourceTree = "<group>"; };
		905C0CC4280E039E002FA4ED /* WeatherView.swift */ = {isa = PBXFileReference; lastKnownFileType = sourcecode.swift; path = WeatherView.swift; sourceTree = "<group>"; };
		905C0CC6280E0448002FA4ED /* TemperatureView.swift */ = {isa = PBXFileReference; lastKnownFileType = sourcecode.swift; path = TemperatureView.swift; sourceTree = "<group>"; };
		905C0CC8280E052D002FA4ED /* WeatherDetailStack.swift */ = {isa = PBXFileReference; lastKnownFileType = sourcecode.swift; path = WeatherDetailStack.swift; sourceTree = "<group>"; };
		905C0CCA280E3506002FA4ED /* FloatingActionButton.swift */ = {isa = PBXFileReference; lastKnownFileType = sourcecode.swift; path = FloatingActionButton.swift; sourceTree = "<group>"; };
		905C0CCC280E3CF0002FA4ED /* CustomAlert.swift */ = {isa = PBXFileReference; lastKnownFileType = sourcecode.swift; path = CustomAlert.swift; sourceTree = "<group>"; };
		905C0CCF280EF881002FA4ED /* DateFormat.swift */ = {isa = PBXFileReference; lastKnownFileType = sourcecode.swift; path = DateFormat.swift; sourceTree = "<group>"; };
		905C0CD3280EFDEE002FA4ED /* TemperatureConverter.swift */ = {isa = PBXFileReference; lastKnownFileType = sourcecode.swift; path = TemperatureConverter.swift; sourceTree = "<group>"; };
		905C0CE3280F8E2A002FA4ED /* MeatWeather.xcdatamodel */ = {isa = PBXFileReference; lastKnownFileType = wrapper.xcdatamodel; path = MeatWeather.xcdatamodel; sourceTree = "<group>"; };
		905C0CE5280F8F90002FA4ED /* PersistenceController.swift */ = {isa = PBXFileReference; lastKnownFileType = sourcecode.swift; path = PersistenceController.swift; sourceTree = "<group>"; };
		905C0CE9280FC0D3002FA4ED /* NetworkManager.swift */ = {isa = PBXFileReference; lastKnownFileType = sourcecode.swift; path = NetworkManager.swift; sourceTree = "<group>"; };
/* End PBXFileReference section */

/* Begin PBXFrameworksBuildPhase section */
		905C0C8A280D1620002FA4ED /* Frameworks */ = {
			isa = PBXFrameworksBuildPhase;
			buildActionMask = 2147483647;
			files = (
				905C0CA0280D182E002FA4ED /* Alamofire in Frameworks */,
			);
			runOnlyForDeploymentPostprocessing = 0;
		};
/* End PBXFrameworksBuildPhase section */

/* Begin PBXGroup section */
		905C0C84280D161F002FA4ED = {
			isa = PBXGroup;
			children = (
				905C0C8F280D1620002FA4ED /* MetaWeatherApp */,
				905C0C8E280D1620002FA4ED /* Products */,
			);
			sourceTree = "<group>";
		};
		905C0C8E280D1620002FA4ED /* Products */ = {
			isa = PBXGroup;
			children = (
				905C0C8D280D1620002FA4ED /* MetaWeatherApp.app */,
			);
			name = Products;
			sourceTree = "<group>";
		};
		905C0C8F280D1620002FA4ED /* MetaWeatherApp */ = {
			isa = PBXGroup;
			children = (
				905C0CCE280EF79D002FA4ED /* Utilities */,
				905C0CA1280D183A002FA4ED /* API */,
				905C0CA6280D189C002FA4ED /* Model */,
				905C0CAB280DAAF3002FA4ED /* ViewModel */,
				905C0CAE280DAD9B002FA4ED /* View */,
				905C0C94280D1622002FA4ED /* Assets.xcassets */,
				905C0C96280D1622002FA4ED /* Preview Content */,
				905C0CE2280F8E2A002FA4ED /* MeatWeather.xcdatamodeld */,
			);
			path = MetaWeatherApp;
			sourceTree = "<group>";
		};
		905C0C96280D1622002FA4ED /* Preview Content */ = {
			isa = PBXGroup;
			children = (
				905C0C97280D1622002FA4ED /* Preview Assets.xcassets */,
			);
			path = "Preview Content";
			sourceTree = "<group>";
		};
		905C0CA1280D183A002FA4ED /* API */ = {
			isa = PBXGroup;
			children = (
				905C0CA2280D184D002FA4ED /* APICallManager.swift */,
				905C0CA4280D187C002FA4ED /* WeatherService.swift */,
				905C0CE9280FC0D3002FA4ED /* NetworkManager.swift */,
			);
			path = API;
			sourceTree = "<group>";
		};
		905C0CA6280D189C002FA4ED /* Model */ = {
			isa = PBXGroup;
			children = (
				905C0CA7280D18AD002FA4ED /* Weather.swift */,
				905C0CA9280D18D2002FA4ED /* ConsolidatedWeather.swift */,
			);
			path = Model;
			sourceTree = "<group>";
		};
		905C0CAB280DAAF3002FA4ED /* ViewModel */ = {
			isa = PBXGroup;
			children = (
				905C0CAC280DAB1D002FA4ED /* WeatherViewModel.swift */,
			);
			path = ViewModel;
			sourceTree = "<group>";
		};
		905C0CAE280DAD9B002FA4ED /* View */ = {
			isa = PBXGroup;
			children = (
				905C0CBA280DFA9F002FA4ED /* Home */,
				905C0CBB280DFFB1002FA4ED /* Forecast days */,
				905C0CC1280E02D5002FA4ED /* WeatherDetails */,
				905C0CBC280DFFF8002FA4ED /* Shared */,
			);
			path = View;
			sourceTree = "<group>";
		};
		905C0CBA280DFA9F002FA4ED /* Home */ = {
			isa = PBXGroup;
			children = (
				905C0C90280D1620002FA4ED /* MetaWeatherAppApp.swift */,
				905C0C92280D1620002FA4ED /* HomeView.swift */,
				905C0CB0280DEF9B002FA4ED /* CityListView.swift */,
				905C0CB8280DFA3E002FA4ED /* CityCell.swift */,
			);
			path = Home;
			sourceTree = "<group>";
		};
		905C0CBB280DFFB1002FA4ED /* Forecast days */ = {
			isa = PBXGroup;
			children = (
				905C0CBD280E004D002FA4ED /* DayListView.swift */,
				905C0CBF280E0080002FA4ED /* DayCell.swift */,
			);
			path = "Forecast days";
			sourceTree = "<group>";
		};
		905C0CBC280DFFF8002FA4ED /* Shared */ = {
			isa = PBXGroup;
			children = (
				905C0CB2280DF87C002FA4ED /* BackgroundView.swift */,
				905C0CCA280E3506002FA4ED /* FloatingActionButton.swift */,
				905C0CCC280E3CF0002FA4ED /* CustomAlert.swift */,
			);
			path = Shared;
			sourceTree = "<group>";
		};
		905C0CC1280E02D5002FA4ED /* WeatherDetails */ = {
			isa = PBXGroup;
			children = (
				905C0CC4280E039E002FA4ED /* WeatherView.swift */,
				905C0CC2280E035E002FA4ED /* WeatherCityView.swift */,
				905C0CC6280E0448002FA4ED /* TemperatureView.swift */,
				905C0CC8280E052D002FA4ED /* WeatherDetailStack.swift */,
			);
			path = WeatherDetails;
			sourceTree = "<group>";
		};
		905C0CCE280EF79D002FA4ED /* Utilities */ = {
			isa = PBXGroup;
			children = (
				905C0CCF280EF881002FA4ED /* DateFormat.swift */,
				905C0CD3280EFDEE002FA4ED /* TemperatureConverter.swift */,
				905C0CE5280F8F90002FA4ED /* PersistenceController.swift */,
			);
			path = Utilities;
			sourceTree = "<group>";
		};
/* End PBXGroup section */

/* Begin PBXNativeTarget section */
		905C0C8C280D1620002FA4ED /* MetaWeatherApp */ = {
			isa = PBXNativeTarget;
			buildConfigurationList = 905C0C9B280D1622002FA4ED /* Build configuration list for PBXNativeTarget "MetaWeatherApp" */;
			buildPhases = (
				905C0C89280D1620002FA4ED /* Sources */,
				905C0C8A280D1620002FA4ED /* Frameworks */,
				905C0C8B280D1620002FA4ED /* Resources */,
			);
			buildRules = (
			);
			dependencies = (
			);
			name = MetaWeatherApp;
			packageProductDependencies = (
				905C0C9F280D182E002FA4ED /* Alamofire */,
			);
			productName = MetaWeatherApp;
			productReference = 905C0C8D280D1620002FA4ED /* MetaWeatherApp.app */;
			productType = "com.apple.product-type.application";
		};
/* End PBXNativeTarget section */

/* Begin PBXProject section */
		905C0C85280D161F002FA4ED /* Project object */ = {
			isa = PBXProject;
			attributes = {
				BuildIndependentTargetsInParallel = 1;
				LastSwiftUpdateCheck = 1320;
				LastUpgradeCheck = 1320;
				TargetAttributes = {
					905C0C8C280D1620002FA4ED = {
						CreatedOnToolsVersion = 13.2.1;
					};
				};
			};
			buildConfigurationList = 905C0C88280D161F002FA4ED /* Build configuration list for PBXProject "MetaWeatherApp" */;
			compatibilityVersion = "Xcode 13.0";
			developmentRegion = en;
			hasScannedForEncodings = 0;
			knownRegions = (
				en,
				Base,
			);
			mainGroup = 905C0C84280D161F002FA4ED;
			packageReferences = (
				905C0C9E280D182E002FA4ED /* XCRemoteSwiftPackageReference "Alamofire" */,
			);
			productRefGroup = 905C0C8E280D1620002FA4ED /* Products */;
			projectDirPath = "";
			projectRoot = "";
			targets = (
				905C0C8C280D1620002FA4ED /* MetaWeatherApp */,
			);
		};
/* End PBXProject section */

/* Begin PBXResourcesBuildPhase section */
		905C0C8B280D1620002FA4ED /* Resources */ = {
			isa = PBXResourcesBuildPhase;
			buildActionMask = 2147483647;
			files = (
				905C0C98280D1622002FA4ED /* Preview Assets.xcassets in Resources */,
				905C0C95280D1622002FA4ED /* Assets.xcassets in Resources */,
			);
			runOnlyForDeploymentPostprocessing = 0;
		};
/* End PBXResourcesBuildPhase section */

/* Begin PBXSourcesBuildPhase section */
		905C0C89280D1620002FA4ED /* Sources */ = {
			isa = PBXSourcesBuildPhase;
			buildActionMask = 2147483647;
			files = (
				905C0CB3280DF87C002FA4ED /* BackgroundView.swift in Sources */,
				905C0CE4280F8E2A002FA4ED /* MeatWeather.xcdatamodeld in Sources */,
				905C0CA5280D187C002FA4ED /* WeatherService.swift in Sources */,
				905C0CB9280DFA3E002FA4ED /* CityCell.swift in Sources */,
				905C0CAA280D18D2002FA4ED /* ConsolidatedWeather.swift in Sources */,
				905C0C93280D1620002FA4ED /* HomeView.swift in Sources */,
				905C0CD0280EF881002FA4ED /* DateFormat.swift in Sources */,
				905C0CC7280E0448002FA4ED /* TemperatureView.swift in Sources */,
				905C0CCD280E3CF0002FA4ED /* CustomAlert.swift in Sources */,
				905C0CC5280E039E002FA4ED /* WeatherView.swift in Sources */,
				905C0CAD280DAB1D002FA4ED /* WeatherViewModel.swift in Sources */,
				905C0CCB280E3506002FA4ED /* FloatingActionButton.swift in Sources */,
				905C0CEA280FC0D3002FA4ED /* NetworkManager.swift in Sources */,
				905C0CA3280D184D002FA4ED /* APICallManager.swift in Sources */,
				905C0CBE280E004D002FA4ED /* DayListView.swift in Sources */,
				905C0C91280D1620002FA4ED /* MetaWeatherAppApp.swift in Sources */,
				905C0CE6280F8F90002FA4ED /* PersistenceController.swift in Sources */,
				905C0CB1280DEF9B002FA4ED /* CityListView.swift in Sources */,
				905C0CD4280EFDEE002FA4ED /* TemperatureConverter.swift in Sources */,
				905C0CC9280E052D002FA4ED /* WeatherDetailStack.swift in Sources */,
				905C0CC3280E035E002FA4ED /* WeatherCityView.swift in Sources */,
				905C0CC0280E0080002FA4ED /* DayCell.swift in Sources */,
				905C0CA8280D18AD002FA4ED /* Weather.swift in Sources */,
			);
			runOnlyForDeploymentPostprocessing = 0;
		};
/* End PBXSourcesBuildPhase section */

/* Begin XCBuildConfiguration section */
		905C0C99280D1622002FA4ED /* Debug */ = {
			isa = XCBuildConfiguration;
			buildSettings = {
				ALWAYS_SEARCH_USER_PATHS = NO;
				CLANG_ANALYZER_NONNULL = YES;
				CLANG_ANALYZER_NUMBER_OBJECT_CONVERSION = YES_AGGRESSIVE;
				CLANG_CXX_LANGUAGE_STANDARD = "gnu++17";
				CLANG_CXX_LIBRARY = "libc++";
				CLANG_ENABLE_MODULES = YES;
				CLANG_ENABLE_OBJC_ARC = YES;
				CLANG_ENABLE_OBJC_WEAK = YES;
				CLANG_WARN_BLOCK_CAPTURE_AUTORELEASING = YES;
				CLANG_WARN_BOOL_CONVERSION = YES;
				CLANG_WARN_COMMA = YES;
				CLANG_WARN_CONSTANT_CONVERSION = YES;
				CLANG_WARN_DEPRECATED_OBJC_IMPLEMENTATIONS = YES;
				CLANG_WARN_DIRECT_OBJC_ISA_USAGE = YES_ERROR;
				CLANG_WARN_DOCUMENTATION_COMMENTS = YES;
				CLANG_WARN_EMPTY_BODY = YES;
				CLANG_WARN_ENUM_CONVERSION = YES;
				CLANG_WARN_INFINITE_RECURSION = YES;
				CLANG_WARN_INT_CONVERSION = YES;
				CLANG_WARN_NON_LITERAL_NULL_CONVERSION = YES;
				CLANG_WARN_OBJC_IMPLICIT_RETAIN_SELF = YES;
				CLANG_WARN_OBJC_LITERAL_CONVERSION = YES;
				CLANG_WARN_OBJC_ROOT_CLASS = YES_ERROR;
				CLANG_WARN_QUOTED_INCLUDE_IN_FRAMEWORK_HEADER = YES;
				CLANG_WARN_RANGE_LOOP_ANALYSIS = YES;
				CLANG_WARN_STRICT_PROTOTYPES = YES;
				CLANG_WARN_SUSPICIOUS_MOVE = YES;
				CLANG_WARN_UNGUARDED_AVAILABILITY = YES_AGGRESSIVE;
				CLANG_WARN_UNREACHABLE_CODE = YES;
				CLANG_WARN__DUPLICATE_METHOD_MATCH = YES;
				COPY_PHASE_STRIP = NO;
				DEBUG_INFORMATION_FORMAT = dwarf;
				ENABLE_STRICT_OBJC_MSGSEND = YES;
				ENABLE_TESTABILITY = YES;
				GCC_C_LANGUAGE_STANDARD = gnu11;
				GCC_DYNAMIC_NO_PIC = NO;
				GCC_NO_COMMON_BLOCKS = YES;
				GCC_OPTIMIZATION_LEVEL = 0;
				GCC_PREPROCESSOR_DEFINITIONS = (
					"DEBUG=1",
					"$(inherited)",
				);
				GCC_WARN_64_TO_32_BIT_CONVERSION = YES;
				GCC_WARN_ABOUT_RETURN_TYPE = YES_ERROR;
				GCC_WARN_UNDECLARED_SELECTOR = YES;
				GCC_WARN_UNINITIALIZED_AUTOS = YES_AGGRESSIVE;
				GCC_WARN_UNUSED_FUNCTION = YES;
				GCC_WARN_UNUSED_VARIABLE = YES;
				IPHONEOS_DEPLOYMENT_TARGET = 15.2;
				MTL_ENABLE_DEBUG_INFO = INCLUDE_SOURCE;
				MTL_FAST_MATH = YES;
				ONLY_ACTIVE_ARCH = YES;
				SDKROOT = iphoneos;
				SWIFT_ACTIVE_COMPILATION_CONDITIONS = DEBUG;
				SWIFT_OPTIMIZATION_LEVEL = "-Onone";
			};
			name = Debug;
		};
		905C0C9A280D1622002FA4ED /* Release */ = {
			isa = XCBuildConfiguration;
			buildSettings = {
				ALWAYS_SEARCH_USER_PATHS = NO;
				CLANG_ANALYZER_NONNULL = YES;
				CLANG_ANALYZER_NUMBER_OBJECT_CONVERSION = YES_AGGRESSIVE;
				CLANG_CXX_LANGUAGE_STANDARD = "gnu++17";
				CLANG_CXX_LIBRARY = "libc++";
				CLANG_ENABLE_MODULES = YES;
				CLANG_ENABLE_OBJC_ARC = YES;
				CLANG_ENABLE_OBJC_WEAK = YES;
				CLANG_WARN_BLOCK_CAPTURE_AUTORELEASING = YES;
				CLANG_WARN_BOOL_CONVERSION = YES;
				CLANG_WARN_COMMA = YES;
				CLANG_WARN_CONSTANT_CONVERSION = YES;
				CLANG_WARN_DEPRECATED_OBJC_IMPLEMENTATIONS = YES;
				CLANG_WARN_DIRECT_OBJC_ISA_USAGE = YES_ERROR;
				CLANG_WARN_DOCUMENTATION_COMMENTS = YES;
				CLANG_WARN_EMPTY_BODY = YES;
				CLANG_WARN_ENUM_CONVERSION = YES;
				CLANG_WARN_INFINITE_RECURSION = YES;
				CLANG_WARN_INT_CONVERSION = YES;
				CLANG_WARN_NON_LITERAL_NULL_CONVERSION = YES;
				CLANG_WARN_OBJC_IMPLICIT_RETAIN_SELF = YES;
				CLANG_WARN_OBJC_LITERAL_CONVERSION = YES;
				CLANG_WARN_OBJC_ROOT_CLASS = YES_ERROR;
				CLANG_WARN_QUOTED_INCLUDE_IN_FRAMEWORK_HEADER = YES;
				CLANG_WARN_RANGE_LOOP_ANALYSIS = YES;
				CLANG_WARN_STRICT_PROTOTYPES = YES;
				CLANG_WARN_SUSPICIOUS_MOVE = YES;
				CLANG_WARN_UNGUARDED_AVAILABILITY = YES_AGGRESSIVE;
				CLANG_WARN_UNREACHABLE_CODE = YES;
				CLANG_WARN__DUPLICATE_METHOD_MATCH = YES;
				COPY_PHASE_STRIP = NO;
				DEBUG_INFORMATION_FORMAT = "dwarf-with-dsym";
				ENABLE_NS_ASSERTIONS = NO;
				ENABLE_STRICT_OBJC_MSGSEND = YES;
				GCC_C_LANGUAGE_STANDARD = gnu11;
				GCC_NO_COMMON_BLOCKS = YES;
				GCC_WARN_64_TO_32_BIT_CONVERSION = YES;
				GCC_WARN_ABOUT_RETURN_TYPE = YES_ERROR;
				GCC_WARN_UNDECLARED_SELECTOR = YES;
				GCC_WARN_UNINITIALIZED_AUTOS = YES_AGGRESSIVE;
				GCC_WARN_UNUSED_FUNCTION = YES;
				GCC_WARN_UNUSED_VARIABLE = YES;
				IPHONEOS_DEPLOYMENT_TARGET = 15.2;
				MTL_ENABLE_DEBUG_INFO = NO;
				MTL_FAST_MATH = YES;
				SDKROOT = iphoneos;
				SWIFT_COMPILATION_MODE = wholemodule;
				SWIFT_OPTIMIZATION_LEVEL = "-O";
				VALIDATE_PRODUCT = YES;
			};
			name = Release;
		};
		905C0C9C280D1622002FA4ED /* Debug */ = {
			isa = XCBuildConfiguration;
			buildSettings = {
				ASSETCATALOG_COMPILER_APPICON_NAME = AppIcon;
				ASSETCATALOG_COMPILER_GLOBAL_ACCENT_COLOR_NAME = AccentColor;
				CODE_SIGN_STYLE = Automatic;
				CURRENT_PROJECT_VERSION = 1;
				DEVELOPMENT_ASSET_PATHS = "\"MetaWeatherApp/Preview Content\"";
				ENABLE_PREVIEWS = YES;
				GENERATE_INFOPLIST_FILE = YES;
				INFOPLIST_KEY_UIApplicationSceneManifest_Generation = YES;
				INFOPLIST_KEY_UIApplicationSupportsIndirectInputEvents = YES;
				INFOPLIST_KEY_UILaunchScreen_Generation = YES;
				INFOPLIST_KEY_UISupportedInterfaceOrientations_iPad = "UIInterfaceOrientationPortrait UIInterfaceOrientationPortraitUpsideDown UIInterfaceOrientationLandscapeLeft UIInterfaceOrientationLandscapeRight";
				INFOPLIST_KEY_UISupportedInterfaceOrientations_iPhone = "UIInterfaceOrientationPortrait UIInterfaceOrientationLandscapeLeft UIInterfaceOrientationLandscapeRight";
				LD_RUNPATH_SEARCH_PATHS = (
					"$(inherited)",
					"@executable_path/Frameworks",
				);
				MARKETING_VERSION = 1.0;
				PRODUCT_BUNDLE_IDENTIFIER = com.khawlah.MetaWeatherApp;
				PRODUCT_NAME = "$(TARGET_NAME)";
				SWIFT_EMIT_LOC_STRINGS = YES;
				SWIFT_VERSION = 5.0;
				TARGETED_DEVICE_FAMILY = "1,2";
			};
			name = Debug;
		};
		905C0C9D280D1622002FA4ED /* Release */ = {
			isa = XCBuildConfiguration;
			buildSettings = {
				ASSETCATALOG_COMPILER_APPICON_NAME = AppIcon;
				ASSETCATALOG_COMPILER_GLOBAL_ACCENT_COLOR_NAME = AccentColor;
				CODE_SIGN_STYLE = Automatic;
				CURRENT_PROJECT_VERSION = 1;
				DEVELOPMENT_ASSET_PATHS = "\"MetaWeatherApp/Preview Content\"";
				ENABLE_PREVIEWS = YES;
				GENERATE_INFOPLIST_FILE = YES;
				INFOPLIST_KEY_UIApplicationSceneManifest_Generation = YES;
				INFOPLIST_KEY_UIApplicationSupportsIndirectInputEvents = YES;
				INFOPLIST_KEY_UILaunchScreen_Generation = YES;
				INFOPLIST_KEY_UISupportedInterfaceOrientations_iPad = "UIInterfaceOrientationPortrait UIInterfaceOrientationPortraitUpsideDown UIInterfaceOrientationLandscapeLeft UIInterfaceOrientationLandscapeRight";
				INFOPLIST_KEY_UISupportedInterfaceOrientations_iPhone = "UIInterfaceOrientationPortrait UIInterfaceOrientationLandscapeLeft UIInterfaceOrientationLandscapeRight";
				LD_RUNPATH_SEARCH_PATHS = (
					"$(inherited)",
					"@executable_path/Frameworks",
				);
				MARKETING_VERSION = 1.0;
				PRODUCT_BUNDLE_IDENTIFIER = com.khawlah.MetaWeatherApp;
				PRODUCT_NAME = "$(TARGET_NAME)";
				SWIFT_EMIT_LOC_STRINGS = YES;
				SWIFT_VERSION = 5.0;
				TARGETED_DEVICE_FAMILY = "1,2";
			};
			name = Release;
		};
/* End XCBuildConfiguration section */

/* Begin XCConfigurationList section */
		905C0C88280D161F002FA4ED /* Build configuration list for PBXProject "MetaWeatherApp" */ = {
			isa = XCConfigurationList;
			buildConfigurations = (
				905C0C99280D1622002FA4ED /* Debug */,
				905C0C9A280D1622002FA4ED /* Release */,
			);
			defaultConfigurationIsVisible = 0;
			defaultConfigurationName = Release;
		};
		905C0C9B280D1622002FA4ED /* Build configuration list for PBXNativeTarget "MetaWeatherApp" */ = {
			isa = XCConfigurationList;
			buildConfigurations = (
				905C0C9C280D1622002FA4ED /* Debug */,
				905C0C9D280D1622002FA4ED /* Release */,
			);
			defaultConfigurationIsVisible = 0;
			defaultConfigurationName = Release;
		};
/* End XCConfigurationList section */

/* Begin XCRemoteSwiftPackageReference section */
		905C0C9E280D182E002FA4ED /* XCRemoteSwiftPackageReference "Alamofire" */ = {
			isa = XCRemoteSwiftPackageReference;
			repositoryURL = "https://github.com/Alamofire/Alamofire";
			requirement = {
				branch = master;
				kind = branch;
			};
		};
/* End XCRemoteSwiftPackageReference section */

/* Begin XCSwiftPackageProductDependency section */
		905C0C9F280D182E002FA4ED /* Alamofire */ = {
			isa = XCSwiftPackageProductDependency;
			package = 905C0C9E280D182E002FA4ED /* XCRemoteSwiftPackageReference "Alamofire" */;
			productName = Alamofire;
		};
/* End XCSwiftPackageProductDependency section */

/* Begin XCVersionGroup section */
		905C0CE2280F8E2A002FA4ED /* MeatWeather.xcdatamodeld */ = {
			isa = XCVersionGroup;
			children = (
				905C0CE3280F8E2A002FA4ED /* MeatWeather.xcdatamodel */,
			);
			currentVersion = 905C0CE3280F8E2A002FA4ED /* MeatWeather.xcdatamodel */;
			path = MeatWeather.xcdatamodeld;
			sourceTree = "<group>";
			versionGroupType = wrapper.xcdatamodel;
		};
/* End XCVersionGroup section */
	};
	rootObject = 905C0C85280D161F002FA4ED /* Project object */;
}
